
Microsoft Visual Studio Solution File, Format Version 12.00
# Visual Studio Version 17
VisualStudioVersion = 17.5.33424.131
MinimumVisualStudioVersion = 10.0.40219.1
Project("{FAE04EC0-301F-11D3-BF4B-00C04F79EFBC}") = "FX3U_ModbusSample", "FX3U_ModbusSample\FX3U_ModbusSample.csproj", "{AF950451-B9E7-4875-88B2-896883C2BC9F}"
EndProject
Global
	GlobalSection(SolutionConfigurationPlatforms) = preSolution
		Debug|Any CPU = Debug|Any CPU
		Release|Any CPU = Release|Any CPU
	EndGlobalSection
	GlobalSection(ProjectConfigurationPlatforms) = postSolution
		{AF950451-B9E7-4875-88B2-896883C2BC9F}.Debug|Any CPU.ActiveCfg = Debug|Any CPU
		{AF950451-B9E7-4875-88B2-896883C2BC9F}.Debug|Any CPU.Build.0 = Debug|Any CPU
		{AF950451-B9E7-4875-88B2-896883C2BC9F}.Release|Any CPU.ActiveCfg = Release|Any CPU
		{AF950451-B9E7-4875-88B2-896883C2BC9F}.Release|Any CPU.Build.0 = Release|Any CPU
	EndGlobalSection
	GlobalSection(SolutionProperties) = preSolution
		HideSolutionNode = FALSE
	EndGlobalSection
	GlobalSection(ExtensibilityGlobals) = postSolution
		SolutionGuid = {6B38727C-AA0F-46E9-8E0C-91AEA3A8A6E4}
	EndGlobalSection
EndGlobal
