
Microsoft Visual Studio Solution File, Format Version 12.00
# Visual Studio Version 17
VisualStudioVersion = 17.0.31717.71
MinimumVisualStudioVersion = 10.0.40219.1
Project("{9A19103F-16F7-4668-BE54-9A1E7A4F7556}") = "FX3U_ModbusSample", "FX3U_ModbusSample.csproj", "{858B9747-4C16-498A-8E62-961ACCAE3E8F}"
EndProject
Global
	GlobalSection(SolutionConfigurationPlatforms) = preSolution
		Debug|Any CPU = Debug|Any CPU
		Release|Any CPU = Release|Any CPU
	EndGlobalSection
	GlobalSection(ProjectConfigurationPlatforms) = postSolution
		{858B9747-4C16-498A-8E62-961ACCAE3E8F}.Debug|Any CPU.ActiveCfg = Debug|Any CPU
		{858B9747-4C16-498A-8E62-961ACCAE3E8F}.Debug|Any CPU.Build.0 = Debug|Any CPU
		{858B9747-4C16-498A-8E62-961ACCAE3E8F}.Release|Any CPU.ActiveCfg = Release|Any CPU
		{858B9747-4C16-498A-8E62-961ACCAE3E8F}.Release|Any CPU.Build.0 = Release|Any CPU
	EndGlobalSection
	GlobalSection(SolutionProperties) = preSolution
		HideSolutionNode = FALSE
	EndGlobalSection
	GlobalSection(ExtensibilityGlobals) = postSolution
		SolutionGuid = {999A7D2E-8EFC-41D3-BC50-B3EB156A2DA2}
	EndGlobalSection
EndGlobal